
Microsoft Visual Studio Solution File, Format Version 12.00
# Visual Studio Version 17
VisualStudioVersion = 17.0.32014.148
MinimumVisualStudioVersion = 10.0.40219.1
Project("{FAE04EC0-301F-11D3-BF4B-00C04F79EFBC}") = "RespawnTImer", "RespawnTImer\RespawnTImer.csproj", "{2FE32D02-71CA-489B-BE90-986FE9E1898A}"
EndProject
Global
	GlobalSection(SolutionConfigurationPlatforms) = preSolution
		Debug|Any CPU = Debug|Any CPU
		Release|Any CPU = Release|Any CPU
	EndGlobalSection
	GlobalSection(ProjectConfigurationPlatforms) = postSolution
		{2FE32D02-71CA-489B-BE90-986FE9E1898A}.Debug|Any CPU.ActiveCfg = Debug|Any CPU
		{2FE32D02-71CA-489B-BE90-986FE9E1898A}.Debug|Any CPU.Build.0 = Debug|Any CPU
		{2FE32D02-71CA-489B-BE90-986FE9E1898A}.Release|Any CPU.ActiveCfg = Release|Any CPU
		{2FE32D02-71CA-489B-BE90-986FE9E1898A}.Release|Any CPU.Build.0 = Release|Any CPU
	EndGlobalSection
	GlobalSection(SolutionProperties) = preSolution
		HideSolutionNode = FALSE
	EndGlobalSection
	GlobalSection(ExtensibilityGlobals) = postSolution
		SolutionGuid = {DD15D3B1-BECE-4328-8ECD-156268CA4F81}
	EndGlobalSection
EndGlobal
